
Microsoft Visual Studio Solution File, Format Version 12.00
# Visual Studio 15
VisualStudioVersion = 15.0.27130.2010
MinimumVisualStudioVersion = 10.0.40219.1
Project("{FAE04EC0-301F-11D3-BF4B-00C04F79EFBC}") = "Mission", "Mission\Mission.csproj", "{708B9948-9193-4D6C-910B-48585FACEC66}"
EndProject
Global
	GlobalSection(SolutionConfigurationPlatforms) = preSolution
		Debug|Any CPU = Debug|Any CPU
		Release|Any CPU = Release|Any CPU
	EndGlobalSection
	GlobalSection(ProjectConfigurationPlatforms) = postSolution
		{708B9948-9193-4D6C-910B-48585FACEC66}.Debug|Any CPU.ActiveCfg = Debug|Any CPU
		{708B9948-9193-4D6C-910B-48585FACEC66}.Debug|Any CPU.Build.0 = Debug|Any CPU
		{708B9948-9193-4D6C-910B-48585FACEC66}.Release|Any CPU.ActiveCfg = Release|Any CPU
		{708B9948-9193-4D6C-910B-48585FACEC66}.Release|Any CPU.Build.0 = Release|Any CPU
	EndGlobalSection
	GlobalSection(SolutionProperties) = preSolution
		HideSolutionNode = FALSE
	EndGlobalSection
	GlobalSection(ExtensibilityGlobals) = postSolution
		SolutionGuid = {780B5814-2E57-4BEE-A2D3-792C792F8323}
	EndGlobalSection
EndGlobal
